
Microsoft Visual Studio Solution File, Format Version 12.00
# Visual Studio Version 16
VisualStudioVersion = 16.0.29613.14
MinimumVisualStudioVersion = 10.0.40219.1
Project("{8BC9CEB8-8B4A-11D0-8D11-00A0C91BC942}") = "LabWork0", "LabWork0\LabWork1.vcxproj", "{DDDA5831-D36F-4B5A-9CE6-6B42A2BF374D}"
EndProject
Project("{8BC9CEB8-8B4A-11D0-8D11-00A0C91BC942}") = "Work1", "Work1\Work1.vcxproj", "{B4912AA8-4869-4733-9176-5E8909A5839A}"
EndProject
Project("{8BC9CEB8-8B4A-11D0-8D11-00A0C91BC942}") = "Work2_1", "Work2_1\Work2_1.vcxproj", "{1F99F1E4-B8CC-44F8-8430-79B67CF87719}"
EndProject
Project("{8BC9CEB8-8B4A-11D0-8D11-00A0C91BC942}") = "Work2_2", "Work2_2\Work2_2.vcxproj", "{D948A7A9-460E-4836-A465-8B1554AE1854}"
EndProject
Project("{8BC9CEB8-8B4A-11D0-8D11-00A0C91BC942}") = "Work3", "Work3\Work3.vcxproj", "{B771E7D1-8109-4C18-9AF6-26850C397A01}"
EndProject
Project("{2150E333-8FDC-42A3-9474-1A3956D46DE8}") = "Work4", "Work4", "{BEFFDBBF-6B2A-4471-A276-B32CB129C0D4}"
EndProject
Project("{8BC9CEB8-8B4A-11D0-8D11-00A0C91BC942}") = "Work4_1", "WOrk4_1\WOrk4_1.vcxproj", "{7F7232E1-05D9-45C5-9095-A69ABAAAE5A8}"
EndProject
Project("{8BC9CEB8-8B4A-11D0-8D11-00A0C91BC942}") = "Work4_2", "Work4_2\Work4_2.vcxproj", "{B78FDE6A-4D3F-4358-A75B-8E4E7DF2ADDE}"
EndProject
Project("{2150E333-8FDC-42A3-9474-1A3956D46DE8}") = "Work5", "Work5", "{8948B6CB-31E8-4A09-8495-9B6B296BE718}"
EndProject
Project("{8BC9CEB8-8B4A-11D0-8D11-00A0C91BC942}") = "Work5_3", "Work5_3\Work5_1.vcxproj", "{F6278516-822E-4996-8712-174A7C512092}"
EndProject
Project("{8BC9CEB8-8B4A-11D0-8D11-00A0C91BC942}") = "Work51", "Work51\Work51.vcxproj", "{FAC7704A-B7B5-4918-8E0A-2FB4FAB78B6E}"
EndProject
Project("{8BC9CEB8-8B4A-11D0-8D11-00A0C91BC942}") = "Work5_2", "Work5_2\Work5_2.vcxproj", "{B0E08FC2-613A-4229-9448-4235EA50C638}"
EndProject
Project("{2150E333-8FDC-42A3-9474-1A3956D46DE8}") = "Work6", "Work6", "{ED718AC4-0257-4E39-9A84-76241CAAB0C0}"
EndProject
Project("{FAE04EC0-301F-11D3-BF4B-00C04F79EFBC}") = "Lab6_UWP", "Work6\Lab6_UWP.csproj", "{972224B2-37AA-40A4-8CE6-38684466FC65}"
EndProject
Project("{2150E333-8FDC-42A3-9474-1A3956D46DE8}") = "Work7", "Work7", "{1487226C-6C7D-40D3-8D51-503FB14D2840}"
EndProject
Project("{FAE04EC0-301F-11D3-BF4B-00C04F79EFBC}") = "Work7", "Work7\Work7.csproj", "{B59A9C65-AD9A-4B82-AF89-ABA431640D24}"
EndProject
Global
	GlobalSection(SolutionConfigurationPlatforms) = preSolution
		Debug|ARM = Debug|ARM
		Debug|ARM64 = Debug|ARM64
		Debug|x64 = Debug|x64
		Debug|x86 = Debug|x86
		Release|ARM = Release|ARM
		Release|ARM64 = Release|ARM64
		Release|x64 = Release|x64
		Release|x86 = Release|x86
	EndGlobalSection
	GlobalSection(ProjectConfigurationPlatforms) = postSolution
		{DDDA5831-D36F-4B5A-9CE6-6B42A2BF374D}.Debug|ARM.ActiveCfg = Debug|Win32
		{DDDA5831-D36F-4B5A-9CE6-6B42A2BF374D}.Debug|ARM64.ActiveCfg = Debug|Win32
		{DDDA5831-D36F-4B5A-9CE6-6B42A2BF374D}.Debug|x64.ActiveCfg = Debug|x64
		{DDDA5831-D36F-4B5A-9CE6-6B42A2BF374D}.Debug|x64.Build.0 = Debug|x64
		{DDDA5831-D36F-4B5A-9CE6-6B42A2BF374D}.Debug|x86.ActiveCfg = Debug|Win32
		{DDDA5831-D36F-4B5A-9CE6-6B42A2BF374D}.Debug|x86.Build.0 = Debug|Win32
		{DDDA5831-D36F-4B5A-9CE6-6B42A2BF374D}.Release|ARM.ActiveCfg = Release|Win32
		{DDDA5831-D36F-4B5A-9CE6-6B42A2BF374D}.Release|ARM64.ActiveCfg = Release|Win32
		{DDDA5831-D36F-4B5A-9CE6-6B42A2BF374D}.Release|x64.ActiveCfg = Release|x64
		{DDDA5831-D36F-4B5A-9CE6-6B42A2BF374D}.Release|x64.Build.0 = Release|x64
		{DDDA5831-D36F-4B5A-9CE6-6B42A2BF374D}.Release|x86.ActiveCfg = Release|Win32
		{DDDA5831-D36F-4B5A-9CE6-6B42A2BF374D}.Release|x86.Build.0 = Release|Win32
		{B4912AA8-4869-4733-9176-5E8909A5839A}.Debug|ARM.ActiveCfg = Debug|Win32
		{B4912AA8-4869-4733-9176-5E8909A5839A}.Debug|ARM64.ActiveCfg = Debug|Win32
		{B4912AA8-4869-4733-9176-5E8909A5839A}.Debug|x64.ActiveCfg = Debug|x64
		{B4912AA8-4869-4733-9176-5E8909A5839A}.Debug|x64.Build.0 = Debug|x64
		{B4912AA8-4869-4733-9176-5E8909A5839A}.Debug|x86.ActiveCfg = Debug|Win32
		{B4912AA8-4869-4733-9176-5E8909A5839A}.Debug|x86.Build.0 = Debug|Win32
		{B4912AA8-4869-4733-9176-5E8909A5839A}.Release|ARM.ActiveCfg = Release|Win32
		{B4912AA8-4869-4733-9176-5E8909A5839A}.Release|ARM64.ActiveCfg = Release|Win32
		{B4912AA8-4869-4733-9176-5E8909A5839A}.Release|x64.ActiveCfg = Release|x64
		{B4912AA8-4869-4733-9176-5E8909A5839A}.Release|x64.Build.0 = Release|x64
		{B4912AA8-4869-4733-9176-5E8909A5839A}.Release|x86.ActiveCfg = Release|Win32
		{B4912AA8-4869-4733-9176-5E8909A5839A}.Release|x86.Build.0 = Release|Win32
		{1F99F1E4-B8CC-44F8-8430-79B67CF87719}.Debug|ARM.ActiveCfg = Debug|Win32
		{1F99F1E4-B8CC-44F8-8430-79B67CF87719}.Debug|ARM64.ActiveCfg = Debug|Win32
		{1F99F1E4-B8CC-44F8-8430-79B67CF87719}.Debug|x64.ActiveCfg = Debug|x64
		{1F99F1E4-B8CC-44F8-8430-79B67CF87719}.Debug|x64.Build.0 = Debug|x64
		{1F99F1E4-B8CC-44F8-8430-79B67CF87719}.Debug|x86.ActiveCfg = Debug|Win32
		{1F99F1E4-B8CC-44F8-8430-79B67CF87719}.Debug|x86.Build.0 = Debug|Win32
		{1F99F1E4-B8CC-44F8-8430-79B67CF87719}.Release|ARM.ActiveCfg = Release|Win32
		{1F99F1E4-B8CC-44F8-8430-79B67CF87719}.Release|ARM64.ActiveCfg = Release|Win32
		{1F99F1E4-B8CC-44F8-8430-79B67CF87719}.Release|x64.ActiveCfg = Release|x64
		{1F99F1E4-B8CC-44F8-8430-79B67CF87719}.Release|x64.Build.0 = Release|x64
		{1F99F1E4-B8CC-44F8-8430-79B67CF87719}.Release|x86.ActiveCfg = Release|Win32
		{1F99F1E4-B8CC-44F8-8430-79B67CF87719}.Release|x86.Build.0 = Release|Win32
		{D948A7A9-460E-4836-A465-8B1554AE1854}.Debug|ARM.ActiveCfg = Debug|Win32
		{D948A7A9-460E-4836-A465-8B1554AE1854}.Debug|ARM64.ActiveCfg = Debug|Win32
		{D948A7A9-460E-4836-A465-8B1554AE1854}.Debug|x64.ActiveCfg = Debug|x64
		{D948A7A9-460E-4836-A465-8B1554AE1854}.Debug|x64.Build.0 = Debug|x64
		{D948A7A9-460E-4836-A465-8B1554AE1854}.Debug|x86.ActiveCfg = Debug|Win32
		{D948A7A9-460E-4836-A465-8B1554AE1854}.Debug|x86.Build.0 = Debug|Win32
		{D948A7A9-460E-4836-A465-8B1554AE1854}.Release|ARM.ActiveCfg = Release|Win32
		{D948A7A9-460E-4836-A465-8B1554AE1854}.Release|ARM64.ActiveCfg = Release|Win32
		{D948A7A9-460E-4836-A465-8B1554AE1854}.Release|x64.ActiveCfg = Release|x64
		{D948A7A9-460E-4836-A465-8B1554AE1854}.Release|x64.Build.0 = Release|x64
		{D948A7A9-460E-4836-A465-8B1554AE1854}.Release|x86.ActiveCfg = Release|Win32
		{D948A7A9-460E-4836-A465-8B1554AE1854}.Release|x86.Build.0 = Release|Win32
		{B771E7D1-8109-4C18-9AF6-26850C397A01}.Debug|ARM.ActiveCfg = Debug|Win32
		{B771E7D1-8109-4C18-9AF6-26850C397A01}.Debug|ARM64.ActiveCfg = Debug|Win32
		{B771E7D1-8109-4C18-9AF6-26850C397A01}.Debug|x64.ActiveCfg = Debug|x64
		{B771E7D1-8109-4C18-9AF6-26850C397A01}.Debug|x64.Build.0 = Debug|x64
		{B771E7D1-8109-4C18-9AF6-26850C397A01}.Debug|x86.ActiveCfg = Debug|Win32
		{B771E7D1-8109-4C18-9AF6-26850C397A01}.Debug|x86.Build.0 = Debug|Win32
		{B771E7D1-8109-4C18-9AF6-26850C397A01}.Release|ARM.ActiveCfg = Release|Win32
		{B771E7D1-8109-4C18-9AF6-26850C397A01}.Release|ARM64.ActiveCfg = Release|Win32
		{B771E7D1-8109-4C18-9AF6-26850C397A01}.Release|x64.ActiveCfg = Release|x64
		{B771E7D1-8109-4C18-9AF6-26850C397A01}.Release|x64.Build.0 = Release|x64
		{B771E7D1-8109-4C18-9AF6-26850C397A01}.Release|x86.ActiveCfg = Release|Win32
		{B771E7D1-8109-4C18-9AF6-26850C397A01}.Release|x86.Build.0 = Release|Win32
		{7F7232E1-05D9-45C5-9095-A69ABAAAE5A8}.Debug|ARM.ActiveCfg = Debug|Win32
		{7F7232E1-05D9-45C5-9095-A69ABAAAE5A8}.Debug|ARM64.ActiveCfg = Debug|Win32
		{7F7232E1-05D9-45C5-9095-A69ABAAAE5A8}.Debug|x64.ActiveCfg = Debug|x64
		{7F7232E1-05D9-45C5-9095-A69ABAAAE5A8}.Debug|x64.Build.0 = Debug|x64
		{7F7232E1-05D9-45C5-9095-A69ABAAAE5A8}.Debug|x86.ActiveCfg = Debug|Win32
		{7F7232E1-05D9-45C5-9095-A69ABAAAE5A8}.Debug|x86.Build.0 = Debug|Win32
		{7F7232E1-05D9-45C5-9095-A69ABAAAE5A8}.Release|ARM.ActiveCfg = Release|Win32
		{7F7232E1-05D9-45C5-9095-A69ABAAAE5A8}.Release|ARM64.ActiveCfg = Release|Win32
		{7F7232E1-05D9-45C5-9095-A69ABAAAE5A8}.Release|x64.ActiveCfg = Release|x64
		{7F7232E1-05D9-45C5-9095-A69ABAAAE5A8}.Release|x64.Build.0 = Release|x64
		{7F7232E1-05D9-45C5-9095-A69ABAAAE5A8}.Release|x86.ActiveCfg = Release|Win32
		{7F7232E1-05D9-45C5-9095-A69ABAAAE5A8}.Release|x86.Build.0 = Release|Win32
		{B78FDE6A-4D3F-4358-A75B-8E4E7DF2ADDE}.Debug|ARM.ActiveCfg = Debug|Win32
		{B78FDE6A-4D3F-4358-A75B-8E4E7DF2ADDE}.Debug|ARM64.ActiveCfg = Debug|Win32
		{B78FDE6A-4D3F-4358-A75B-8E4E7DF2ADDE}.Debug|x64.ActiveCfg = Debug|x64
		{B78FDE6A-4D3F-4358-A75B-8E4E7DF2ADDE}.Debug|x64.Build.0 = Debug|x64
		{B78FDE6A-4D3F-4358-A75B-8E4E7DF2ADDE}.Debug|x86.ActiveCfg = Debug|Win32
		{B78FDE6A-4D3F-4358-A75B-8E4E7DF2ADDE}.Debug|x86.Build.0 = Debug|Win32
		{B78FDE6A-4D3F-4358-A75B-8E4E7DF2ADDE}.Release|ARM.ActiveCfg = Release|Win32
		{B78FDE6A-4D3F-4358-A75B-8E4E7DF2ADDE}.Release|ARM64.ActiveCfg = Release|Win32
		{B78FDE6A-4D3F-4358-A75B-8E4E7DF2ADDE}.Release|x64.ActiveCfg = Release|x64
		{B78FDE6A-4D3F-4358-A75B-8E4E7DF2ADDE}.Release|x64.Build.0 = Release|x64
		{B78FDE6A-4D3F-4358-A75B-8E4E7DF2ADDE}.Release|x86.ActiveCfg = Release|Win32
		{B78FDE6A-4D3F-4358-A75B-8E4E7DF2ADDE}.Release|x86.Build.0 = Release|Win32
		{F6278516-822E-4996-8712-174A7C512092}.Debug|ARM.ActiveCfg = Debug|Win32
		{F6278516-822E-4996-8712-174A7C512092}.Debug|ARM64.ActiveCfg = Debug|Win32
		{F6278516-822E-4996-8712-174A7C512092}.Debug|x64.ActiveCfg = Debug|x64
		{F6278516-822E-4996-8712-174A7C512092}.Debug|x64.Build.0 = Debug|x64
		{F6278516-822E-4996-8712-174A7C512092}.Debug|x86.ActiveCfg = Debug|Win32
		{F6278516-822E-4996-8712-174A7C512092}.Debug|x86.Build.0 = Debug|Win32
		{F6278516-822E-4996-8712-174A7C512092}.Release|ARM.ActiveCfg = Release|Win32
		{F6278516-822E-4996-8712-174A7C512092}.Release|ARM64.ActiveCfg = Release|Win32
		{F6278516-822E-4996-8712-174A7C512092}.Release|x64.ActiveCfg = Release|x64
		{F6278516-822E-4996-8712-174A7C512092}.Release|x64.Build.0 = Release|x64
		{F6278516-822E-4996-8712-174A7C512092}.Release|x86.ActiveCfg = Release|Win32
		{F6278516-822E-4996-8712-174A7C512092}.Release|x86.Build.0 = Release|Win32
		{FAC7704A-B7B5-4918-8E0A-2FB4FAB78B6E}.Debug|ARM.ActiveCfg = Debug|Win32
		{FAC7704A-B7B5-4918-8E0A-2FB4FAB78B6E}.Debug|ARM64.ActiveCfg = Debug|Win32
		{FAC7704A-B7B5-4918-8E0A-2FB4FAB78B6E}.Debug|x64.ActiveCfg = Debug|x64
		{FAC7704A-B7B5-4918-8E0A-2FB4FAB78B6E}.Debug|x64.Build.0 = Debug|x64
		{FAC7704A-B7B5-4918-8E0A-2FB4FAB78B6E}.Debug|x86.ActiveCfg = Debug|Win32
		{FAC7704A-B7B5-4918-8E0A-2FB4FAB78B6E}.Debug|x86.Build.0 = Debug|Win32
		{FAC7704A-B7B5-4918-8E0A-2FB4FAB78B6E}.Release|ARM.ActiveCfg = Release|Win32
		{FAC7704A-B7B5-4918-8E0A-2FB4FAB78B6E}.Release|ARM64.ActiveCfg = Release|Win32
		{FAC7704A-B7B5-4918-8E0A-2FB4FAB78B6E}.Release|x64.ActiveCfg = Release|x64
		{FAC7704A-B7B5-4918-8E0A-2FB4FAB78B6E}.Release|x64.Build.0 = Release|x64
		{FAC7704A-B7B5-4918-8E0A-2FB4FAB78B6E}.Release|x86.ActiveCfg = Release|Win32
		{FAC7704A-B7B5-4918-8E0A-2FB4FAB78B6E}.Release|x86.Build.0 = Release|Win32
		{B0E08FC2-613A-4229-9448-4235EA50C638}.Debug|ARM.ActiveCfg = Debug|Win32
		{B0E08FC2-613A-4229-9448-4235EA50C638}.Debug|ARM64.ActiveCfg = Debug|Win32
		{B0E08FC2-613A-4229-9448-4235EA50C638}.Debug|x64.ActiveCfg = Debug|x64
		{B0E08FC2-613A-4229-9448-4235EA50C638}.Debug|x64.Build.0 = Debug|x64
		{B0E08FC2-613A-4229-9448-4235EA50C638}.Debug|x86.ActiveCfg = Debug|Win32
		{B0E08FC2-613A-4229-9448-4235EA50C638}.Debug|x86.Build.0 = Debug|Win32
		{B0E08FC2-613A-4229-9448-4235EA50C638}.Release|ARM.ActiveCfg = Release|Win32
		{B0E08FC2-613A-4229-9448-4235EA50C638}.Release|ARM64.ActiveCfg = Release|Win32
		{B0E08FC2-613A-4229-9448-4235EA50C638}.Release|x64.ActiveCfg = Release|x64
		{B0E08FC2-613A-4229-9448-4235EA50C638}.Release|x64.Build.0 = Release|x64
		{B0E08FC2-613A-4229-9448-4235EA50C638}.Release|x86.ActiveCfg = Release|Win32
		{B0E08FC2-613A-4229-9448-4235EA50C638}.Release|x86.Build.0 = Release|Win32
		{972224B2-37AA-40A4-8CE6-38684466FC65}.Debug|ARM.ActiveCfg = Debug|ARM
		{972224B2-37AA-40A4-8CE6-38684466FC65}.Debug|ARM.Build.0 = Debug|ARM
		{972224B2-37AA-40A4-8CE6-38684466FC65}.Debug|ARM.Deploy.0 = Debug|ARM
		{972224B2-37AA-40A4-8CE6-38684466FC65}.Debug|ARM64.ActiveCfg = Debug|ARM64
		{972224B2-37AA-40A4-8CE6-38684466FC65}.Debug|ARM64.Build.0 = Debug|ARM64
		{972224B2-37AA-40A4-8CE6-38684466FC65}.Debug|ARM64.Deploy.0 = Debug|ARM64
		{972224B2-37AA-40A4-8CE6-38684466FC65}.Debug|x64.ActiveCfg = Debug|x64
		{972224B2-37AA-40A4-8CE6-38684466FC65}.Debug|x64.Build.0 = Debug|x64
		{972224B2-37AA-40A4-8CE6-38684466FC65}.Debug|x64.Deploy.0 = Debug|x64
		{972224B2-37AA-40A4-8CE6-38684466FC65}.Debug|x86.ActiveCfg = Debug|x86
		{972224B2-37AA-40A4-8CE6-38684466FC65}.Debug|x86.Build.0 = Debug|x86
		{972224B2-37AA-40A4-8CE6-38684466FC65}.Debug|x86.Deploy.0 = Debug|x86
		{972224B2-37AA-40A4-8CE6-38684466FC65}.Release|ARM.ActiveCfg = Release|ARM
		{972224B2-37AA-40A4-8CE6-38684466FC65}.Release|ARM.Build.0 = Release|ARM
		{972224B2-37AA-40A4-8CE6-38684466FC65}.Release|ARM.Deploy.0 = Release|ARM
		{972224B2-37AA-40A4-8CE6-38684466FC65}.Release|ARM64.ActiveCfg = Release|ARM64
		{972224B2-37AA-40A4-8CE6-38684466FC65}.Release|ARM64.Build.0 = Release|ARM64
		{972224B2-37AA-40A4-8CE6-38684466FC65}.Release|ARM64.Deploy.0 = Release|ARM64
		{972224B2-37AA-40A4-8CE6-38684466FC65}.Release|x64.ActiveCfg = Release|x64
		{972224B2-37AA-40A4-8CE6-38684466FC65}.Release|x64.Build.0 = Release|x64
		{972224B2-37AA-40A4-8CE6-38684466FC65}.Release|x64.Deploy.0 = Release|x64
		{972224B2-37AA-40A4-8CE6-38684466FC65}.Release|x86.ActiveCfg = Release|x86
		{972224B2-37AA-40A4-8CE6-38684466FC65}.Release|x86.Build.0 = Release|x86
		{972224B2-37AA-40A4-8CE6-38684466FC65}.Release|x86.Deploy.0 = Release|x86
		{B59A9C65-AD9A-4B82-AF89-ABA431640D24}.Debug|ARM.ActiveCfg = Debug|ARM
		{B59A9C65-AD9A-4B82-AF89-ABA431640D24}.Debug|ARM.Build.0 = Debug|ARM
		{B59A9C65-AD9A-4B82-AF89-ABA431640D24}.Debug|ARM.Deploy.0 = Debug|ARM
		{B59A9C65-AD9A-4B82-AF89-ABA431640D24}.Debug|ARM64.ActiveCfg = Debug|ARM64
		{B59A9C65-AD9A-4B82-AF89-ABA431640D24}.Debug|ARM64.Build.0 = Debug|ARM64
		{B59A9C65-AD9A-4B82-AF89-ABA431640D24}.Debug|ARM64.Deploy.0 = Debug|ARM64
		{B59A9C65-AD9A-4B82-AF89-ABA431640D24}.Debug|x64.ActiveCfg = Debug|x64
		{B59A9C65-AD9A-4B82-AF89-ABA431640D24}.Debug|x64.Build.0 = Debug|x64
		{B59A9C65-AD9A-4B82-AF89-ABA431640D24}.Debug|x64.Deploy.0 = Debug|x64
		{B59A9C65-AD9A-4B82-AF89-ABA431640D24}.Debug|x86.ActiveCfg = Debug|x86
		{B59A9C65-AD9A-4B82-AF89-ABA431640D24}.Debug|x86.Build.0 = Debug|x86
		{B59A9C65-AD9A-4B82-AF89-ABA431640D24}.Debug|x86.Deploy.0 = Debug|x86
		{B59A9C65-AD9A-4B82-AF89-ABA431640D24}.Release|ARM.ActiveCfg = Release|ARM
		{B59A9C65-AD9A-4B82-AF89-ABA431640D24}.Release|ARM.Build.0 = Release|ARM
		{B59A9C65-AD9A-4B82-AF89-ABA431640D24}.Release|ARM.Deploy.0 = Release|ARM
		{B59A9C65-AD9A-4B82-AF89-ABA431640D24}.Release|ARM64.ActiveCfg = Release|ARM64
		{B59A9C65-AD9A-4B82-AF89-ABA431640D24}.Release|ARM64.Build.0 = Release|ARM64
		{B59A9C65-AD9A-4B82-AF89-ABA431640D24}.Release|ARM64.Deploy.0 = Release|ARM64
		{B59A9C65-AD9A-4B82-AF89-ABA431640D24}.Release|x64.ActiveCfg = Release|x64
		{B59A9C65-AD9A-4B82-AF89-ABA431640D24}.Release|x64.Build.0 = Release|x64
		{B59A9C65-AD9A-4B82-AF89-ABA431640D24}.Release|x64.Deploy.0 = Release|x64
		{B59A9C65-AD9A-4B82-AF89-ABA431640D24}.Release|x86.ActiveCfg = Release|x86
		{B59A9C65-AD9A-4B82-AF89-ABA431640D24}.Release|x86.Build.0 = Release|x86
		{B59A9C65-AD9A-4B82-AF89-ABA431640D24}.Release|x86.Deploy.0 = Release|x86
	EndGlobalSection
	GlobalSection(SolutionProperties) = preSolution
		HideSolutionNode = FALSE
	EndGlobalSection
	GlobalSection(NestedProjects) = preSolution
		{7F7232E1-05D9-45C5-9095-A69ABAAAE5A8} = {BEFFDBBF-6B2A-4471-A276-B32CB129C0D4}
		{B78FDE6A-4D3F-4358-A75B-8E4E7DF2ADDE} = {BEFFDBBF-6B2A-4471-A276-B32CB129C0D4}
		{F6278516-822E-4996-8712-174A7C512092} = {8948B6CB-31E8-4A09-8495-9B6B296BE718}
		{FAC7704A-B7B5-4918-8E0A-2FB4FAB78B6E} = {8948B6CB-31E8-4A09-8495-9B6B296BE718}
		{B0E08FC2-613A-4229-9448-4235EA50C638} = {8948B6CB-31E8-4A09-8495-9B6B296BE718}
		{972224B2-37AA-40A4-8CE6-38684466FC65} = {ED718AC4-0257-4E39-9A84-76241CAAB0C0}
		{B59A9C65-AD9A-4B82-AF89-ABA431640D24} = {1487226C-6C7D-40D3-8D51-503FB14D2840}
	EndGlobalSection
	GlobalSection(ExtensibilityGlobals) = postSolution
		SolutionGuid = {D6D45906-C228-4803-8F67-96F6C8A6F0B0}
	EndGlobalSection
EndGlobal
