
Microsoft Visual Studio Solution File, Format Version 12.00
# Visual Studio Version 16
VisualStudioVersion = 16.0.29613.14
MinimumVisualStudioVersion = 10.0.40219.1
Project("{8BC9CEB8-8B4A-11D0-8D11-00A0C91BC942}") = "LabWork0", "LabWork0\LabWork1.vcxproj", "{DDDA5831-D36F-4B5A-9CE6-6B42A2BF374D}"
EndProject
Project("{8BC9CEB8-8B4A-11D0-8D11-00A0C91BC942}") = "Work1", "Work1\Work1.vcxproj", "{B4912AA8-4869-4733-9176-5E8909A5839A}"
EndProject
Project("{8BC9CEB8-8B4A-11D0-8D11-00A0C91BC942}") = "Work2_1", "Work2_1\Work2_1.vcxproj", "{1F99F1E4-B8CC-44F8-8430-79B67CF87719}"
EndProject
Project("{8BC9CEB8-8B4A-11D0-8D11-00A0C91BC942}") = "Work2_2", "Work2_2\Work2_2.vcxproj", "{D948A7A9-460E-4836-A465-8B1554AE1854}"
EndProject
Global
	GlobalSection(SolutionConfigurationPlatforms) = preSolution
		Debug|x64 = Debug|x64
		Debug|x86 = Debug|x86
		Release|x64 = Release|x64
		Release|x86 = Release|x86
	EndGlobalSection
	GlobalSection(ProjectConfigurationPlatforms) = postSolution
		{DDDA5831-D36F-4B5A-9CE6-6B42A2BF374D}.Debug|x64.ActiveCfg = Debug|x64
		{DDDA5831-D36F-4B5A-9CE6-6B42A2BF374D}.Debug|x64.Build.0 = Debug|x64
		{DDDA5831-D36F-4B5A-9CE6-6B42A2BF374D}.Debug|x86.ActiveCfg = Debug|Win32
		{DDDA5831-D36F-4B5A-9CE6-6B42A2BF374D}.Debug|x86.Build.0 = Debug|Win32
		{DDDA5831-D36F-4B5A-9CE6-6B42A2BF374D}.Release|x64.ActiveCfg = Release|x64
		{DDDA5831-D36F-4B5A-9CE6-6B42A2BF374D}.Release|x64.Build.0 = Release|x64
		{DDDA5831-D36F-4B5A-9CE6-6B42A2BF374D}.Release|x86.ActiveCfg = Release|Win32
		{DDDA5831-D36F-4B5A-9CE6-6B42A2BF374D}.Release|x86.Build.0 = Release|Win32
		{B4912AA8-4869-4733-9176-5E8909A5839A}.Debug|x64.ActiveCfg = Debug|x64
		{B4912AA8-4869-4733-9176-5E8909A5839A}.Debug|x64.Build.0 = Debug|x64
		{B4912AA8-4869-4733-9176-5E8909A5839A}.Debug|x86.ActiveCfg = Debug|Win32
		{B4912AA8-4869-4733-9176-5E8909A5839A}.Debug|x86.Build.0 = Debug|Win32
		{B4912AA8-4869-4733-9176-5E8909A5839A}.Release|x64.ActiveCfg = Release|x64
		{B4912AA8-4869-4733-9176-5E8909A5839A}.Release|x64.Build.0 = Release|x64
		{B4912AA8-4869-4733-9176-5E8909A5839A}.Release|x86.ActiveCfg = Release|Win32
		{B4912AA8-4869-4733-9176-5E8909A5839A}.Release|x86.Build.0 = Release|Win32
		{1F99F1E4-B8CC-44F8-8430-79B67CF87719}.Debug|x64.ActiveCfg = Debug|x64
		{1F99F1E4-B8CC-44F8-8430-79B67CF87719}.Debug|x64.Build.0 = Debug|x64
		{1F99F1E4-B8CC-44F8-8430-79B67CF87719}.Debug|x86.ActiveCfg = Debug|Win32
		{1F99F1E4-B8CC-44F8-8430-79B67CF87719}.Debug|x86.Build.0 = Debug|Win32
		{1F99F1E4-B8CC-44F8-8430-79B67CF87719}.Release|x64.ActiveCfg = Release|x64
		{1F99F1E4-B8CC-44F8-8430-79B67CF87719}.Release|x64.Build.0 = Release|x64
		{1F99F1E4-B8CC-44F8-8430-79B67CF87719}.Release|x86.ActiveCfg = Release|Win32
		{1F99F1E4-B8CC-44F8-8430-79B67CF87719}.Release|x86.Build.0 = Release|Win32
		{D948A7A9-460E-4836-A465-8B1554AE1854}.Debug|x64.ActiveCfg = Debug|x64
		{D948A7A9-460E-4836-A465-8B1554AE1854}.Debug|x64.Build.0 = Debug|x64
		{D948A7A9-460E-4836-A465-8B1554AE1854}.Debug|x86.ActiveCfg = Debug|Win32
		{D948A7A9-460E-4836-A465-8B1554AE1854}.Debug|x86.Build.0 = Debug|Win32
		{D948A7A9-460E-4836-A465-8B1554AE1854}.Release|x64.ActiveCfg = Release|x64
		{D948A7A9-460E-4836-A465-8B1554AE1854}.Release|x64.Build.0 = Release|x64
		{D948A7A9-460E-4836-A465-8B1554AE1854}.Release|x86.ActiveCfg = Release|Win32
		{D948A7A9-460E-4836-A465-8B1554AE1854}.Release|x86.Build.0 = Release|Win32
	EndGlobalSection
	GlobalSection(SolutionProperties) = preSolution
		HideSolutionNode = FALSE
	EndGlobalSection
	GlobalSection(ExtensibilityGlobals) = postSolution
		SolutionGuid = {D6D45906-C228-4803-8F67-96F6C8A6F0B0}
	EndGlobalSection
EndGlobal
